
Microsoft Visual Studio Solution File, Format Version 12.00
# Visual Studio Version 17
VisualStudioVersion = 17.0.32112.339
MinimumVisualStudioVersion = 10.0.40219.1
Project("{FAE04EC0-301F-11D3-BF4B-00C04F79EFBC}") = "BinarySearchTree", "BinarySearchTree\BinarySearchTree.csproj", "{C635C8D7-BB8B-4D64-A622-F0D843E34367}"
EndProject
Global
	GlobalSection(SolutionConfigurationPlatforms) = preSolution
		Debug|Any CPU = Debug|Any CPU
		Release|Any CPU = Release|Any CPU
	EndGlobalSection
	GlobalSection(ProjectConfigurationPlatforms) = postSolution
		{C635C8D7-BB8B-4D64-A622-F0D843E34367}.Debug|Any CPU.ActiveCfg = Debug|Any CPU
		{C635C8D7-BB8B-4D64-A622-F0D843E34367}.Debug|Any CPU.Build.0 = Debug|Any CPU
		{C635C8D7-BB8B-4D64-A622-F0D843E34367}.Release|Any CPU.ActiveCfg = Release|Any CPU
		{C635C8D7-BB8B-4D64-A622-F0D843E34367}.Release|Any CPU.Build.0 = Release|Any CPU
	EndGlobalSection
	GlobalSection(SolutionProperties) = preSolution
		HideSolutionNode = FALSE
	EndGlobalSection
	GlobalSection(ExtensibilityGlobals) = postSolution
		SolutionGuid = {F3042D52-6B43-4824-813E-8D963A049D45}
	EndGlobalSection
EndGlobal
